{
  "version": 4,
  "terraform_version": "1.0.4",
  "serial": 35,
  "lineage": "3724fe4b-9085-dc4f-a9da-e84066bc4890",
  "outputs": {},
  "resources": [
    {
      "mode": "managed",
      "type": "azurerm_container_group",
      "name": "jwacontainer",
      "provider": "provider[\"registry.terraform.io/hashicorp/azurerm\"]",
      "instances": [
        {
          "schema_version": 0,
          "attributes": {
            "container": [
              {
                "commands": [],
                "cpu": 1,
                "environment_variables": null,
                "gpu": [],
                "image": "juanlajud/jumbodemoapp:1.1",
                "liveness_probe": [],
                "memory": 1,
                "name": "jumbodemoapp",
                "ports": [
                  {
                    "port": 5000,
                    "protocol": "TCP"
                  }
                ],
                "readiness_probe": [],
                "secure_environment_variables": null,
                "volume": []
              }
            ],
            "diagnostics": [],
            "dns_config": [],
            "dns_name_label": "jwacontainerlajud",
            "exposed_port": [
              {
                "port": 5000,
                "protocol": "TCP"
              }
            ],
            "fqdn": "jwacontainerlajud.eastus.azurecontainer.io",
            "id": "/subscriptions/fa63498e-ce29-4b9c-b1c7-438b2310c135/resourceGroups/JUMBO_WEB_APP/providers/Microsoft.ContainerInstance/containerGroups/jwacontainergroup",
            "identity": [],
            "image_registry_credential": [],
            "ip_address": "20.75.219.8",
            "ip_address_type": "Public",
            "location": "eastus",
            "name": "jwacontainergroup",
            "network_profile_id": null,
            "os_type": "Linux",
            "resource_group_name": "JUMBO_WEB_APP",
            "restart_policy": "Always",
            "tags": null,
            "timeouts": null
          },
          "sensitive_attributes": [],
          "private": "eyJlMmJmYjczMC1lY2FhLTExZTYtOGY4OC0zNDM2M2JjN2M0YzAiOnsiY3JlYXRlIjoxODAwMDAwMDAwMDAwLCJkZWxldGUiOjE4MDAwMDAwMDAwMDAsInJlYWQiOjMwMDAwMDAwMDAwMCwidXBkYXRlIjoxODAwMDAwMDAwMDAwfX0=",
          "dependencies": [
            "azurerm_resource_group.JWA"
          ]
        }
      ]
    },
    {
      "mode": "managed",
      "type": "azurerm_resource_group",
      "name": "JWA",
      "provider": "provider[\"registry.terraform.io/hashicorp/azurerm\"]",
      "instances": [
        {
          "schema_version": 0,
          "attributes": {
            "id": "/subscriptions/fa63498e-ce29-4b9c-b1c7-438b2310c135/resourceGroups/JUMBO_WEB_APP",
            "location": "eastus",
            "name": "JUMBO_WEB_APP",
            "tags": {},
            "timeouts": null
          },
          "sensitive_attributes": [],
          "private": "eyJlMmJmYjczMC1lY2FhLTExZTYtOGY4OC0zNDM2M2JjN2M0YzAiOnsiY3JlYXRlIjo1NDAwMDAwMDAwMDAwLCJkZWxldGUiOjU0MDAwMDAwMDAwMDAsInJlYWQiOjMwMDAwMDAwMDAwMCwidXBkYXRlIjo1NDAwMDAwMDAwMDAwfX0="
        }
      ]
    }
  ]
}
