{
  "version": 4,
  "terraform_version": "1.0.4",
  "serial": 18,
  "lineage": "3724fe4b-9085-dc4f-a9da-e84066bc4890",
  "outputs": {
    "webapp_url": {
      "value": "jumboappservice.azurewebsites.net",
      "type": "string"
    }
  },
  "resources": [
    {
      "mode": "managed",
      "type": "azurerm_app_service",
      "name": "JWA",
      "provider": "provider[\"registry.terraform.io/hashicorp/azurerm\"]",
      "instances": [
        {
          "schema_version": 0,
          "attributes": {
            "app_service_plan_id": "/subscriptions/fa63498e-ce29-4b9c-b1c7-438b2310c135/resourceGroups/JUMBO_WEB_APP/providers/Microsoft.Web/serverfarms/JumboAppServicePlan",
            "app_settings": {
              "KEY": "AzureCloudSecretKey123"
            },
            "auth_settings": [
              {
                "active_directory": [],
                "additional_login_params": {},
                "allowed_external_redirect_urls": [],
                "default_provider": "",
                "enabled": false,
                "facebook": [],
                "google": [],
                "issuer": "",
                "microsoft": [],
                "runtime_version": "",
                "token_refresh_extension_hours": 0,
                "token_store_enabled": false,
                "twitter": [],
                "unauthenticated_client_action": ""
              }
            ],
            "backup": [],
            "client_affinity_enabled": false,
            "client_cert_enabled": false,
            "connection_string": [
              {
                "name": "Database",
                "type": "SQLServer",
                "value": "Server=tcp:azurerm_sql_server.sqldb.fully_qualified_domain_name Database=azurerm_sql_database.db.name;User ID=azurerm_sql_server.sqldb.administrator_login;Password=azurerm_sql_server.sqldb.administrator_login_password;Trusted_Connection=False;Encrypt=True;"
              }
            ],
            "custom_domain_verification_id": "2715C27886943A2BDAC7EA9855F3BCCEEF1A13679EBF75109E3641904A2BB5DE",
            "default_site_hostname": "jumboappservice.azurewebsites.net",
            "enabled": true,
            "https_only": false,
            "id": "/subscriptions/fa63498e-ce29-4b9c-b1c7-438b2310c135/resourceGroups/JUMBO_WEB_APP/providers/Microsoft.Web/sites/JumboAppService",
            "identity": [],
            "location": "eastus",
            "logs": [
              {
                "application_logs": [
                  {
                    "azure_blob_storage": [],
                    "file_system_level": "Off"
                  }
                ],
                "detailed_error_messages_enabled": false,
                "failed_request_tracing_enabled": false,
                "http_logs": [
                  {
                    "azure_blob_storage": [],
                    "file_system": []
                  }
                ]
              }
            ],
            "name": "JumboAppService",
            "outbound_ip_address_list": [
              "52.152.200.89",
              "52.149.189.39",
              "52.186.36.97",
              "52.188.180.20",
              "52.188.91.218",
              "52.188.91.246",
              "20.49.104.32"
            ],
            "outbound_ip_addresses": "52.152.200.89,52.149.189.39,52.186.36.97,52.188.180.20,52.188.91.218,52.188.91.246,20.49.104.32",
            "possible_outbound_ip_address_list": [
              "52.152.200.89",
              "52.149.189.39",
              "52.186.36.97",
              "52.188.180.20",
              "52.188.91.218",
              "52.188.91.246",
              "52.188.92.114",
              "52.188.92.122",
              "52.188.92.141",
              "52.152.201.79",
              "52.188.92.250",
              "52.188.93.14",
              "52.188.93.126",
              "52.188.93.147",
              "52.186.38.103",
              "52.186.38.19",
              "40.88.18.164",
              "52.152.202.231",
              "52.188.93.170",
              "52.188.93.205",
              "52.188.93.214",
              "52.188.93.219",
              "52.188.93.235",
              "52.188.176.242",
              "52.188.93.239",
              "52.188.93.245",
              "52.188.94.57",
              "52.188.94.132",
              "52.188.94.145",
              "52.186.36.229",
              "20.49.104.32"
            ],
            "possible_outbound_ip_addresses": "52.152.200.89,52.149.189.39,52.186.36.97,52.188.180.20,52.188.91.218,52.188.91.246,52.188.92.114,52.188.92.122,52.188.92.141,52.152.201.79,52.188.92.250,52.188.93.14,52.188.93.126,52.188.93.147,52.186.38.103,52.186.38.19,40.88.18.164,52.152.202.231,52.188.93.170,52.188.93.205,52.188.93.214,52.188.93.219,52.188.93.235,52.188.176.242,52.188.93.239,52.188.93.245,52.188.94.57,52.188.94.132,52.188.94.145,52.186.36.229,20.49.104.32",
            "resource_group_name": "JUMBO_WEB_APP",
            "site_config": [
              {
                "acr_use_managed_identity_credentials": false,
                "acr_user_managed_identity_client_id": "",
                "always_on": false,
                "app_command_line": "",
                "auto_swap_slot_name": "",
                "cors": [
                  {
                    "allowed_origins": [],
                    "support_credentials": false
                  }
                ],
                "default_documents": [],
                "dotnet_framework_version": "v4.0",
                "ftps_state": "AllAllowed",
                "health_check_path": "",
                "http2_enabled": false,
                "ip_restriction": [],
                "java_container": "",
                "java_container_version": "",
                "java_version": "",
                "linux_fx_version": "",
                "local_mysql_enabled": false,
                "managed_pipeline_mode": "Integrated",
                "min_tls_version": "1.2",
                "number_of_workers": 1,
                "php_version": "",
                "python_version": "",
                "remote_debugging_enabled": false,
                "remote_debugging_version": "VS2019",
                "scm_ip_restriction": [],
                "scm_type": "LocalGit",
                "scm_use_main_ip_restriction": false,
                "use_32_bit_worker_process": false,
                "websockets_enabled": false,
                "windows_fx_version": ""
              }
            ],
            "site_credential": [
              {
                "password": "CoqcJd7cmZiSqEWehDAFpinrrPhq7jeda5cSimQ7Cr2LbMNZErbfyBGXg7kP",
                "username": "$JumboAppService"
              }
            ],
            "source_control": [
              {
                "branch": "master",
                "manual_integration": false,
                "repo_url": "https://jumboappservice.scm.azurewebsites.net",
                "rollback_enabled": false,
                "use_mercurial": false
              }
            ],
            "storage_account": [],
            "tags": {},
            "timeouts": null
          },
          "sensitive_attributes": [],
          "private": "eyJlMmJmYjczMC1lY2FhLTExZTYtOGY4OC0zNDM2M2JjN2M0YzAiOnsiY3JlYXRlIjoxODAwMDAwMDAwMDAwLCJkZWxldGUiOjE4MDAwMDAwMDAwMDAsInJlYWQiOjMwMDAwMDAwMDAwMCwidXBkYXRlIjoxODAwMDAwMDAwMDAwfX0=",
          "dependencies": [
            "azurerm_app_service_plan.JWA",
            "azurerm_resource_group.JWA"
          ]
        }
      ]
    },
    {
      "mode": "managed",
      "type": "azurerm_app_service_plan",
      "name": "JWA",
      "provider": "provider[\"registry.terraform.io/hashicorp/azurerm\"]",
      "instances": [
        {
          "schema_version": 0,
          "attributes": {
            "app_service_environment_id": "",
            "id": "/subscriptions/fa63498e-ce29-4b9c-b1c7-438b2310c135/resourceGroups/JUMBO_WEB_APP/providers/Microsoft.Web/serverfarms/JumboAppServicePlan",
            "is_xenon": false,
            "kind": "Windows",
            "location": "eastus",
            "maximum_elastic_worker_count": 1,
            "maximum_number_of_workers": 3,
            "name": "JumboAppServicePlan",
            "per_site_scaling": false,
            "reserved": false,
            "resource_group_name": "JUMBO_WEB_APP",
            "sku": [
              {
                "capacity": 1,
                "size": "B1",
                "tier": "Basic"
              }
            ],
            "tags": {},
            "timeouts": null
          },
          "sensitive_attributes": [],
          "private": "eyJlMmJmYjczMC1lY2FhLTExZTYtOGY4OC0zNDM2M2JjN2M0YzAiOnsiY3JlYXRlIjozNjAwMDAwMDAwMDAwLCJkZWxldGUiOjM2MDAwMDAwMDAwMDAsInJlYWQiOjMwMDAwMDAwMDAwMCwidXBkYXRlIjozNjAwMDAwMDAwMDAwfX0=",
          "dependencies": [
            "azurerm_resource_group.JWA"
          ]
        }
      ]
    },
    {
      "mode": "managed",
      "type": "azurerm_resource_group",
      "name": "JWA",
      "provider": "provider[\"registry.terraform.io/hashicorp/azurerm\"]",
      "instances": [
        {
          "schema_version": 0,
          "attributes": {
            "id": "/subscriptions/fa63498e-ce29-4b9c-b1c7-438b2310c135/resourceGroups/JUMBO_WEB_APP",
            "location": "eastus",
            "name": "JUMBO_WEB_APP",
            "tags": {},
            "timeouts": null
          },
          "sensitive_attributes": [],
          "private": "eyJlMmJmYjczMC1lY2FhLTExZTYtOGY4OC0zNDM2M2JjN2M0YzAiOnsiY3JlYXRlIjo1NDAwMDAwMDAwMDAwLCJkZWxldGUiOjU0MDAwMDAwMDAwMDAsInJlYWQiOjMwMDAwMDAwMDAwMCwidXBkYXRlIjo1NDAwMDAwMDAwMDAwfX0="
        }
      ]
    },
    {
      "mode": "managed",
      "type": "azurerm_sql_database",
      "name": "db",
      "provider": "provider[\"registry.terraform.io/hashicorp/azurerm\"]",
      "instances": [
        {
          "schema_version": 0,
          "attributes": {
            "collation": "SQL_Latin1_General_CP1_CI_AS",
            "create_mode": "Default",
            "creation_date": "2021-09-17T02:01:28.747Z",
            "default_secondary_location": "West US",
            "edition": "GeneralPurpose",
            "elastic_pool_name": "",
            "encryption": "",
            "extended_auditing_policy": [],
            "id": "/subscriptions/fa63498e-ce29-4b9c-b1c7-438b2310c135/resourceGroups/JUMBO_WEB_APP/providers/Microsoft.Sql/servers/sqlserverlajud123/databases/sqldblajud123",
            "import": [],
            "location": "eastus",
            "max_size_bytes": "34359738368",
            "max_size_gb": null,
            "name": "sqldblajud123",
            "read_scale": false,
            "requested_service_objective_id": "f21733ad-9b9b-4d4e-a4fa-94a133c41718",
            "requested_service_objective_name": "GP_Gen5_2",
            "resource_group_name": "JUMBO_WEB_APP",
            "restore_point_in_time": null,
            "server_name": "sqlserverlajud123",
            "source_database_deletion_date": null,
            "source_database_id": null,
            "tags": null,
            "threat_detection_policy": [
              {
                "disabled_alerts": [],
                "email_account_admins": "Disabled",
                "email_addresses": [],
                "retention_days": 0,
                "state": "Disabled",
                "storage_account_access_key": "",
                "storage_endpoint": "",
                "use_server_default": "Disabled"
              }
            ],
            "timeouts": null,
            "zone_redundant": false
          },
          "sensitive_attributes": [],
          "private": "eyJlMmJmYjczMC1lY2FhLTExZTYtOGY4OC0zNDM2M2JjN2M0YzAiOnsiY3JlYXRlIjozNjAwMDAwMDAwMDAwLCJkZWxldGUiOjM2MDAwMDAwMDAwMDAsInJlYWQiOjMwMDAwMDAwMDAwMCwidXBkYXRlIjozNjAwMDAwMDAwMDAwfX0=",
          "dependencies": [
            "azurerm_resource_group.JWA",
            "azurerm_sql_server.sqldb"
          ]
        }
      ]
    },
    {
      "mode": "managed",
      "type": "azurerm_sql_server",
      "name": "sqldb",
      "provider": "provider[\"registry.terraform.io/hashicorp/azurerm\"]",
      "instances": [
        {
          "schema_version": 0,
          "attributes": {
            "administrator_login": "juan.lajud",
            "administrator_login_password": "Temporal 123",
            "connection_policy": "Default",
            "extended_auditing_policy": [],
            "fully_qualified_domain_name": "sqlserverlajud123.database.windows.net",
            "id": "/subscriptions/fa63498e-ce29-4b9c-b1c7-438b2310c135/resourceGroups/JUMBO_WEB_APP/providers/Microsoft.Sql/servers/sqlserverlajud123",
            "identity": [],
            "location": "eastus",
            "name": "sqlserverlajud123",
            "resource_group_name": "JUMBO_WEB_APP",
            "tags": null,
            "timeouts": null,
            "version": "12.0"
          },
          "sensitive_attributes": [],
          "private": "eyJlMmJmYjczMC1lY2FhLTExZTYtOGY4OC0zNDM2M2JjN2M0YzAiOnsiY3JlYXRlIjozNjAwMDAwMDAwMDAwLCJkZWxldGUiOjM2MDAwMDAwMDAwMDAsInJlYWQiOjMwMDAwMDAwMDAwMCwidXBkYXRlIjozNjAwMDAwMDAwMDAwfX0=",
          "dependencies": [
            "azurerm_resource_group.JWA"
          ]
        }
      ]
    }
  ]
}
